
Microsoft Visual Studio Solution File, Format Version 12.00
# Visual Studio Version 17
VisualStudioVersion = 17.6.33801.468
MinimumVisualStudioVersion = 10.0.40219.1
Project("{FAE04EC0-301F-11D3-BF4B-00C04F79EFBC}") = "Speech Recognition App", "Speech Recognition App.csproj", "{81BBA834-6869-45AC-88C7-47C4123F933C}"
EndProject
Global
	GlobalSection(SolutionConfigurationPlatforms) = preSolution
		Debug|Any CPU = Debug|Any CPU
		Release|Any CPU = Release|Any CPU
	EndGlobalSection
	GlobalSection(ProjectConfigurationPlatforms) = postSolution
		{81BBA834-6869-45AC-88C7-47C4123F933C}.Debug|Any CPU.ActiveCfg = Debug|Any CPU
		{81BBA834-6869-45AC-88C7-47C4123F933C}.Debug|Any CPU.Build.0 = Debug|Any CPU
		{81BBA834-6869-45AC-88C7-47C4123F933C}.Release|Any CPU.ActiveCfg = Release|Any CPU
		{81BBA834-6869-45AC-88C7-47C4123F933C}.Release|Any CPU.Build.0 = Release|Any CPU
	EndGlobalSection
	GlobalSection(SolutionProperties) = preSolution
		HideSolutionNode = FALSE
	EndGlobalSection
	GlobalSection(ExtensibilityGlobals) = postSolution
		SolutionGuid = {600FD927-2FEF-4FA3-8437-B9D1C92A572D}
	EndGlobalSection
EndGlobal
